{
  "name": "demo-swissbit",
  "lockfileVersion": 3,
  "requires": true,
  "packages": {
    "": {
      "name": "demo-swissbit",
      "hasInstallScript": true,
      "dependencies": {
        "@ideem/zsm-client-sdk": "^2.9.3"
      }
    },
    "node_modules/@ideem/zsm-client-sdk": {
      "version": "2.9.3",
      "resolved": "https://registry.npmjs.org/@ideem/zsm-client-sdk/-/zsm-client-sdk-2.9.3.tgz",
      "integrity": "sha512-88SS0gtF4oBATUG/f5aSJiQvDdFbec410h6mzshTheuz2kjIe8Q7McijjbT4MmFQJEStZfQhWyQHtOlrsgIoxg==",
      "license": "LicenseRef-Ideem"
    }
  }
}
