{
  "name": "demo-swissbit",
  "lockfileVersion": 3,
  "requires": true,
  "packages": {
    "": {
      "name": "demo-swissbit",
      "hasInstallScript": true,
      "dependencies": {
        "@ideem/plugins.passkeys-plus": "^1.2.1",
        "@ideem/zsm-client-sdk": "^2.7.0"
      }
    },
    "node_modules/@ideem/plugins.passkeys-plus": {
      "version": "1.2.1",
      "resolved": "https://registry.npmjs.org/@ideem/plugins.passkeys-plus/-/plugins.passkeys-plus-1.2.1.tgz",
      "integrity": "sha512-BWCUHZW7OWgZCxAqQI7A99tAgRD97IiitOz6ZgJxCLTy4k4zmIMuR4gugB3yNte+zu9rWxEccYbmhT/rjsBq+g==",
      "license": "LicenseRef-Ideem",
      "peerDependencies": {
        "@ideem/zsm-client-sdk": "^2.7.0"
      },
      "peerDependenciesMeta": {
        "@ideem/zsm-client-sdk": {
          "optional": false
        }
      }
    },
    "node_modules/@ideem/zsm-client-sdk": {
      "version": "2.7.0",
      "resolved": "https://registry.npmjs.org/@ideem/zsm-client-sdk/-/zsm-client-sdk-2.7.0.tgz",
      "integrity": "sha512-lGRm2+yGDdx9Bf/Kk3/A65bRDD+ivfuQQiMhjLpWuAtkvokRPr4PFfZWhglEgmGeyNOkogQWrPBpOuQK9R6c8A==",
      "license": "LicenseRef-Ideem"
    }
  }
}
